
Microsoft Visual Studio Solution File, Format Version 12.00
# Visual Studio Version 16
VisualStudioVersion = 16.0.32413.511
MinimumVisualStudioVersion = 10.0.40219.1
Project("{FAE04EC0-301F-11D3-BF4B-00C04F79EFBC}") = "Ecommerce_site", "Ecommerce_site\Ecommerce_site.csproj", "{48059D13-A92E-4179-840D-37849AAAE230}"
EndProject
Global
	GlobalSection(SolutionConfigurationPlatforms) = preSolution
		Debug|Any CPU = Debug|Any CPU
		Release|Any CPU = Release|Any CPU
	EndGlobalSection
	GlobalSection(ProjectConfigurationPlatforms) = postSolution
		{48059D13-A92E-4179-840D-37849AAAE230}.Debug|Any CPU.ActiveCfg = Debug|Any CPU
		{48059D13-A92E-4179-840D-37849AAAE230}.Debug|Any CPU.Build.0 = Debug|Any CPU
		{48059D13-A92E-4179-840D-37849AAAE230}.Release|Any CPU.ActiveCfg = Release|Any CPU
		{48059D13-A92E-4179-840D-37849AAAE230}.Release|Any CPU.Build.0 = Release|Any CPU
	EndGlobalSection
	GlobalSection(SolutionProperties) = preSolution
		HideSolutionNode = FALSE
	EndGlobalSection
	GlobalSection(ExtensibilityGlobals) = postSolution
		SolutionGuid = {E21555B4-7DDE-4E44-9C3D-B378F90D6B71}
	EndGlobalSection
EndGlobal
